// !$*UTF8*$!
{
	archiveVersion = 1;
	classes = {
	};
	objectVersion = 55;
	objects = {

/* Begin PBXBuildFile section */
		C926E2402A19C69C00A3CC88 /* PlantDiseaseClassifierApp.swift in Sources */ = {isa = PBXBuildFile; fileRef = C926E23F2A19C69C00A3CC88 /* PlantDiseaseClassifierApp.swift */; };
		C926E2422A19C69C00A3CC88 /* ContentView.swift in Sources */ = {isa = PBXBuildFile; fileRef = C926E2412A19C69C00A3CC88 /* ContentView.swift */; };
		C926E2442A19C69D00A3CC88 /* Assets.xcassets in Resources */ = {isa = PBXBuildFile; fileRef = C926E2432A19C69D00A3CC88 /* Assets.xcassets */; };
		C926E2472A19C69D00A3CC88 /* Preview Assets.xcassets in Resources */ = {isa = PBXBuildFile; fileRef = C926E2462A19C69D00A3CC88 /* Preview Assets.xcassets */; };
		C926E2502A19C70900A3CC88 /* CameraView.swift in Sources */ = {isa = PBXBuildFile; fileRef = C926E24F2A19C70900A3CC88 /* CameraView.swift */; };
		C926E2522A19D66F00A3CC88 /* ClassificationView.swift in Sources */ = {isa = PBXBuildFile; fileRef = C926E2512A19D66F00A3CC88 /* ClassificationView.swift */; };
		C95AB6202A1C7E2C00AECA20 /* model.mlmodel in Resources */ = {isa = PBXBuildFile; fileRef = C95AB61F2A1C7E2C00AECA20 /* model.mlmodel */; };
/* End PBXBuildFile section */

/* Begin PBXFileReference section */
		C926E23C2A19C69C00A3CC88 /* PlantDiseaseClassifier.app */ = {isa = PBXFileReference; explicitFileType = wrapper.application; includeInIndex = 0; path = PlantDiseaseClassifier.app; sourceTree = BUILT_PRODUCTS_DIR; };
		C926E23F2A19C69C00A3CC88 /* PlantDiseaseClassifierApp.swift */ = {isa = PBXFileReference; lastKnownFileType = sourcecode.swift; path = PlantDiseaseClassifierApp.swift; sourceTree = "<group>"; };
		C926E2412A19C69C00A3CC88 /* ContentView.swift */ = {isa = PBXFileReference; lastKnownFileType = sourcecode.swift; path = ContentView.swift; sourceTree = "<group>"; };
		C926E2432A19C69D00A3CC88 /* Assets.xcassets */ = {isa = PBXFileReference; lastKnownFileType = folder.assetcatalog; path = Assets.xcassets; sourceTree = "<group>"; };
		C926E2462A19C69D00A3CC88 /* Preview Assets.xcassets */ = {isa = PBXFileReference; lastKnownFileType = folder.assetcatalog; path = "Preview Assets.xcassets"; sourceTree = "<group>"; };
		C926E24F2A19C70900A3CC88 /* CameraView.swift */ = {isa = PBXFileReference; lastKnownFileType = sourcecode.swift; path = CameraView.swift; sourceTree = "<group>"; };
		C926E2512A19D66F00A3CC88 /* ClassificationView.swift */ = {isa = PBXFileReference; lastKnownFileType = sourcecode.swift; path = ClassificationView.swift; sourceTree = "<group>"; };
		C95AB6142A1A146000AECA20 /* Info.plist */ = {isa = PBXFileReference; lastKnownFileType = text.plist; path = Info.plist; sourceTree = "<group>"; };
		C95AB61F2A1C7E2C00AECA20 /* model.mlmodel */ = {isa = PBXFileReference; lastKnownFileType = folder; path = model.mlmodel; sourceTree = "<group>"; };
/* End PBXFileReference section */

/* Begin PBXFrameworksBuildPhase section */
		C926E2392A19C69C00A3CC88 /* Frameworks */ = {
			isa = PBXFrameworksBuildPhase;
			buildActionMask = 2147483647;
			files = (
			);
			runOnlyForDeploymentPostprocessing = 0;
		};
/* End PBXFrameworksBuildPhase section */

/* Begin PBXGroup section */
		C926E2332A19C69C00A3CC88 = {
			isa = PBXGroup;
			children = (
				C926E23E2A19C69C00A3CC88 /* PlantDiseaseClassifier */,
				C926E23D2A19C69C00A3CC88 /* Products */,
			);
			sourceTree = "<group>";
		};
		C926E23D2A19C69C00A3CC88 /* Products */ = {
			isa = PBXGroup;
			children = (
				C926E23C2A19C69C00A3CC88 /* PlantDiseaseClassifier.app */,
			);
			name = Products;
			sourceTree = "<group>";
		};
		C926E23E2A19C69C00A3CC88 /* PlantDiseaseClassifier */ = {
			isa = PBXGroup;
			children = (
				C95AB61F2A1C7E2C00AECA20 /* model.mlmodel */,
				C95AB6142A1A146000AECA20 /* Info.plist */,
				C926E23F2A19C69C00A3CC88 /* PlantDiseaseClassifierApp.swift */,
				C926E2412A19C69C00A3CC88 /* ContentView.swift */,
				C926E24F2A19C70900A3CC88 /* CameraView.swift */,
				C926E2512A19D66F00A3CC88 /* ClassificationView.swift */,
				C926E2432A19C69D00A3CC88 /* Assets.xcassets */,
				C926E2452A19C69D00A3CC88 /* Preview Content */,
			);
			path = PlantDiseaseClassifier;
			sourceTree = "<group>";
		};
		C926E2452A19C69D00A3CC88 /* Preview Content */ = {
			isa = PBXGroup;
			children = (
				C926E2462A19C69D00A3CC88 /* Preview Assets.xcassets */,
			);
			path = "Preview Content";
			sourceTree = "<group>";
		};
/* End PBXGroup section */

/* Begin PBXNativeTarget section */
		C926E23B2A19C69C00A3CC88 /* PlantDiseaseClassifier */ = {
			isa = PBXNativeTarget;
			buildConfigurationList = C926E24A2A19C69D00A3CC88 /* Build configuration list for PBXNativeTarget "PlantDiseaseClassifier" */;
			buildPhases = (
				C926E2382A19C69C00A3CC88 /* Sources */,
				C926E2392A19C69C00A3CC88 /* Frameworks */,
				C926E23A2A19C69C00A3CC88 /* Resources */,
			);
			buildRules = (
			);
			dependencies = (
			);
			name = PlantDiseaseClassifier;
			productName = PlantDiseaseClassifier;
			productReference = C926E23C2A19C69C00A3CC88 /* PlantDiseaseClassifier.app */;
			productType = "com.apple.product-type.application";
		};
/* End PBXNativeTarget section */

/* Begin PBXProject section */
		C926E2342A19C69C00A3CC88 /* Project object */ = {
			isa = PBXProject;
			attributes = {
				BuildIndependentTargetsInParallel = 1;
				LastSwiftUpdateCheck = 1310;
				LastUpgradeCheck = 1310;
				TargetAttributes = {
					C926E23B2A19C69C00A3CC88 = {
						CreatedOnToolsVersion = 13.1;
					};
				};
			};
			buildConfigurationList = C926E2372A19C69C00A3CC88 /* Build configuration list for PBXProject "PlantDiseaseClassifier" */;
			compatibilityVersion = "Xcode 13.0";
			developmentRegion = en;
			hasScannedForEncodings = 0;
			knownRegions = (
				en,
				Base,
			);
			mainGroup = C926E2332A19C69C00A3CC88;
			productRefGroup = C926E23D2A19C69C00A3CC88 /* Products */;
			projectDirPath = "";
			projectRoot = "";
			targets = (
				C926E23B2A19C69C00A3CC88 /* PlantDiseaseClassifier */,
			);
		};
/* End PBXProject section */

/* Begin PBXResourcesBuildPhase section */
		C926E23A2A19C69C00A3CC88 /* Resources */ = {
			isa = PBXResourcesBuildPhase;
			buildActionMask = 2147483647;
			files = (
				C95AB6202A1C7E2C00AECA20 /* model.mlmodel in Resources */,
				C926E2472A19C69D00A3CC88 /* Preview Assets.xcassets in Resources */,
				C926E2442A19C69D00A3CC88 /* Assets.xcassets in Resources */,
			);
			runOnlyForDeploymentPostprocessing = 0;
		};
/* End PBXResourcesBuildPhase section */

/* Begin PBXSourcesBuildPhase section */
		C926E2382A19C69C00A3CC88 /* Sources */ = {
			isa = PBXSourcesBuildPhase;
			buildActionMask = 2147483647;
			files = (
				C926E2422A19C69C00A3CC88 /* ContentView.swift in Sources */,
				C926E2522A19D66F00A3CC88 /* ClassificationView.swift in Sources */,
				C926E2402A19C69C00A3CC88 /* PlantDiseaseClassifierApp.swift in Sources */,
				C926E2502A19C70900A3CC88 /* CameraView.swift in Sources */,
			);
			runOnlyForDeploymentPostprocessing = 0;
		};
/* End PBXSourcesBuildPhase section */

/* Begin XCBuildConfiguration section */
		C926E2482A19C69D00A3CC88 /* Debug */ = {
			isa = XCBuildConfiguration;
			buildSettings = {
				ALWAYS_SEARCH_USER_PATHS = NO;
				CLANG_ANALYZER_NONNULL = YES;
				CLANG_ANALYZER_NUMBER_OBJECT_CONVERSION = YES_AGGRESSIVE;
				CLANG_CXX_LANGUAGE_STANDARD = "gnu++17";
				CLANG_CXX_LIBRARY = "libc++";
				CLANG_ENABLE_MODULES = YES;
				CLANG_ENABLE_OBJC_ARC = YES;
				CLANG_ENABLE_OBJC_WEAK = YES;
				CLANG_WARN_BLOCK_CAPTURE_AUTORELEASING = YES;
				CLANG_WARN_BOOL_CONVERSION = YES;
				CLANG_WARN_COMMA = YES;
				CLANG_WARN_CONSTANT_CONVERSION = YES;
				CLANG_WARN_DEPRECATED_OBJC_IMPLEMENTATIONS = YES;
				CLANG_WARN_DIRECT_OBJC_ISA_USAGE = YES_ERROR;
				CLANG_WARN_DOCUMENTATION_COMMENTS = YES;
				CLANG_WARN_EMPTY_BODY = YES;
				CLANG_WARN_ENUM_CONVERSION = YES;
				CLANG_WARN_INFINITE_RECURSION = YES;
				CLANG_WARN_INT_CONVERSION = YES;
				CLANG_WARN_NON_LITERAL_NULL_CONVERSION = YES;
				CLANG_WARN_OBJC_IMPLICIT_RETAIN_SELF = YES;
				CLANG_WARN_OBJC_LITERAL_CONVERSION = YES;
				CLANG_WARN_OBJC_ROOT_CLASS = YES_ERROR;
				CLANG_WARN_QUOTED_INCLUDE_IN_FRAMEWORK_HEADER = YES;
				CLANG_WARN_RANGE_LOOP_ANALYSIS = YES;
				CLANG_WARN_STRICT_PROTOTYPES = YES;
				CLANG_WARN_SUSPICIOUS_MOVE = YES;
				CLANG_WARN_UNGUARDED_AVAILABILITY = YES_AGGRESSIVE;
				CLANG_WARN_UNREACHABLE_CODE = YES;
				CLANG_WARN__DUPLICATE_METHOD_MATCH = YES;
				COPY_PHASE_STRIP = NO;
				DEBUG_INFORMATION_FORMAT = dwarf;
				ENABLE_STRICT_OBJC_MSGSEND = YES;
				ENABLE_TESTABILITY = YES;
				GCC_C_LANGUAGE_STANDARD = gnu11;
				GCC_DYNAMIC_NO_PIC = NO;
				GCC_NO_COMMON_BLOCKS = YES;
				GCC_OPTIMIZATION_LEVEL = 0;
				GCC_PREPROCESSOR_DEFINITIONS = (
					"DEBUG=1",
					"$(inherited)",
				);
				GCC_WARN_64_TO_32_BIT_CONVERSION = YES;
				GCC_WARN_ABOUT_RETURN_TYPE = YES_ERROR;
				GCC_WARN_UNDECLARED_SELECTOR = YES;
				GCC_WARN_UNINITIALIZED_AUTOS = YES_AGGRESSIVE;
				GCC_WARN_UNUSED_FUNCTION = YES;
				GCC_WARN_UNUSED_VARIABLE = YES;
				IPHONEOS_DEPLOYMENT_TARGET = 15.0;
				MTL_ENABLE_DEBUG_INFO = INCLUDE_SOURCE;
				MTL_FAST_MATH = YES;
				ONLY_ACTIVE_ARCH = YES;
				SDKROOT = iphoneos;
				SWIFT_ACTIVE_COMPILATION_CONDITIONS = DEBUG;
				SWIFT_OPTIMIZATION_LEVEL = "-Onone";
			};
			name = Debug;
		};
		C926E2492A19C69D00A3CC88 /* Release */ = {
			isa = XCBuildConfiguration;
			buildSettings = {
				ALWAYS_SEARCH_USER_PATHS = NO;
				CLANG_ANALYZER_NONNULL = YES;
				CLANG_ANALYZER_NUMBER_OBJECT_CONVERSION = YES_AGGRESSIVE;
				CLANG_CXX_LANGUAGE_STANDARD = "gnu++17";
				CLANG_CXX_LIBRARY = "libc++";
				CLANG_ENABLE_MODULES = YES;
				CLANG_ENABLE_OBJC_ARC = YES;
				CLANG_ENABLE_OBJC_WEAK = YES;
				CLANG_WARN_BLOCK_CAPTURE_AUTORELEASING = YES;
				CLANG_WARN_BOOL_CONVERSION = YES;
				CLANG_WARN_COMMA = YES;
				CLANG_WARN_CONSTANT_CONVERSION = YES;
				CLANG_WARN_DEPRECATED_OBJC_IMPLEMENTATIONS = YES;
				CLANG_WARN_DIRECT_OBJC_ISA_USAGE = YES_ERROR;
				CLANG_WARN_DOCUMENTATION_COMMENTS = YES;
				CLANG_WARN_EMPTY_BODY = YES;
				CLANG_WARN_ENUM_CONVERSION = YES;
				CLANG_WARN_INFINITE_RECURSION = YES;
				CLANG_WARN_INT_CONVERSION = YES;
				CLANG_WARN_NON_LITERAL_NULL_CONVERSION = YES;
				CLANG_WARN_OBJC_IMPLICIT_RETAIN_SELF = YES;
				CLANG_WARN_OBJC_LITERAL_CONVERSION = YES;
				CLANG_WARN_OBJC_ROOT_CLASS = YES_ERROR;
				CLANG_WARN_QUOTED_INCLUDE_IN_FRAMEWORK_HEADER = YES;
				CLANG_WARN_RANGE_LOOP_ANALYSIS = YES;
				CLANG_WARN_STRICT_PROTOTYPES = YES;
				CLANG_WARN_SUSPICIOUS_MOVE = YES;
				CLANG_WARN_UNGUARDED_AVAILABILITY = YES_AGGRESSIVE;
				CLANG_WARN_UNREACHABLE_CODE = YES;
				CLANG_WARN__DUPLICATE_METHOD_MATCH = YES;
				COPY_PHASE_STRIP = NO;
				DEBUG_INFORMATION_FORMAT = "dwarf-with-dsym";
				ENABLE_NS_ASSERTIONS = NO;
				ENABLE_STRICT_OBJC_MSGSEND = YES;
				GCC_C_LANGUAGE_STANDARD = gnu11;
				GCC_NO_COMMON_BLOCKS = YES;
				GCC_WARN_64_TO_32_BIT_CONVERSION = YES;
				GCC_WARN_ABOUT_RETURN_TYPE = YES_ERROR;
				GCC_WARN_UNDECLARED_SELECTOR = YES;
				GCC_WARN_UNINITIALIZED_AUTOS = YES_AGGRESSIVE;
				GCC_WARN_UNUSED_FUNCTION = YES;
				GCC_WARN_UNUSED_VARIABLE = YES;
				IPHONEOS_DEPLOYMENT_TARGET = 15.0;
				MTL_ENABLE_DEBUG_INFO = NO;
				MTL_FAST_MATH = YES;
				SDKROOT = iphoneos;
				SWIFT_COMPILATION_MODE = wholemodule;
				SWIFT_OPTIMIZATION_LEVEL = "-O";
				VALIDATE_PRODUCT = YES;
			};
			name = Release;
		};
		C926E24B2A19C69D00A3CC88 /* Debug */ = {
			isa = XCBuildConfiguration;
			buildSettings = {
				ASSETCATALOG_COMPILER_APPICON_NAME = AppIcon;
				ASSETCATALOG_COMPILER_GLOBAL_ACCENT_COLOR_NAME = AccentColor;
				CODE_SIGN_STYLE = Automatic;
				CURRENT_PROJECT_VERSION = 1;
				DEVELOPMENT_ASSET_PATHS = "\"PlantDiseaseClassifier/Preview Content\"";
				DEVELOPMENT_TEAM = JVC47MPS57;
				ENABLE_PREVIEWS = YES;
				GENERATE_INFOPLIST_FILE = YES;
				INFOPLIST_FILE = PlantDiseaseClassifier/Info.plist;
				INFOPLIST_KEY_UIApplicationSceneManifest_Generation = YES;
				INFOPLIST_KEY_UIApplicationSupportsIndirectInputEvents = YES;
				INFOPLIST_KEY_UILaunchScreen_Generation = YES;
				INFOPLIST_KEY_UISupportedInterfaceOrientations_iPad = "UIInterfaceOrientationPortrait UIInterfaceOrientationPortraitUpsideDown UIInterfaceOrientationLandscapeLeft UIInterfaceOrientationLandscapeRight";
				INFOPLIST_KEY_UISupportedInterfaceOrientations_iPhone = "UIInterfaceOrientationPortrait UIInterfaceOrientationLandscapeLeft UIInterfaceOrientationLandscapeRight";
				LD_RUNPATH_SEARCH_PATHS = (
					"$(inherited)",
					"@executable_path/Frameworks",
				);
				MARKETING_VERSION = 1.0;
				PRODUCT_BUNDLE_IDENTIFIER = com.rohankaman.convertnumber.PlantDiseaseClassifier;
				PRODUCT_NAME = "$(TARGET_NAME)";
				SWIFT_EMIT_LOC_STRINGS = YES;
				SWIFT_VERSION = 5.0;
				TARGETED_DEVICE_FAMILY = "1,2";
			};
			name = Debug;
		};
		C926E24C2A19C69D00A3CC88 /* Release */ = {
			isa = XCBuildConfiguration;
			buildSettings = {
				ASSETCATALOG_COMPILER_APPICON_NAME = AppIcon;
				ASSETCATALOG_COMPILER_GLOBAL_ACCENT_COLOR_NAME = AccentColor;
				CODE_SIGN_STYLE = Automatic;
				CURRENT_PROJECT_VERSION = 1;
				DEVELOPMENT_ASSET_PATHS = "\"PlantDiseaseClassifier/Preview Content\"";
				DEVELOPMENT_TEAM = JVC47MPS57;
				ENABLE_PREVIEWS = YES;
				GENERATE_INFOPLIST_FILE = YES;
				INFOPLIST_FILE = PlantDiseaseClassifier/Info.plist;
				INFOPLIST_KEY_UIApplicationSceneManifest_Generation = YES;
				INFOPLIST_KEY_UIApplicationSupportsIndirectInputEvents = YES;
				INFOPLIST_KEY_UILaunchScreen_Generation = YES;
				INFOPLIST_KEY_UISupportedInterfaceOrientations_iPad = "UIInterfaceOrientationPortrait UIInterfaceOrientationPortraitUpsideDown UIInterfaceOrientationLandscapeLeft UIInterfaceOrientationLandscapeRight";
				INFOPLIST_KEY_UISupportedInterfaceOrientations_iPhone = "UIInterfaceOrientationPortrait UIInterfaceOrientationLandscapeLeft UIInterfaceOrientationLandscapeRight";
				LD_RUNPATH_SEARCH_PATHS = (
					"$(inherited)",
					"@executable_path/Frameworks",
				);
				MARKETING_VERSION = 1.0;
				PRODUCT_BUNDLE_IDENTIFIER = com.rohankaman.convertnumber.PlantDiseaseClassifier;
				PRODUCT_NAME = "$(TARGET_NAME)";
				SWIFT_EMIT_LOC_STRINGS = YES;
				SWIFT_VERSION = 5.0;
				TARGETED_DEVICE_FAMILY = "1,2";
			};
			name = Release;
		};
/* End XCBuildConfiguration section */

/* Begin XCConfigurationList section */
		C926E2372A19C69C00A3CC88 /* Build configuration list for PBXProject "PlantDiseaseClassifier" */ = {
			isa = XCConfigurationList;
			buildConfigurations = (
				C926E2482A19C69D00A3CC88 /* Debug */,
				C926E2492A19C69D00A3CC88 /* Release */,
			);
			defaultConfigurationIsVisible = 0;
			defaultConfigurationName = Release;
		};
		C926E24A2A19C69D00A3CC88 /* Build configuration list for PBXNativeTarget "PlantDiseaseClassifier" */ = {
			isa = XCConfigurationList;
			buildConfigurations = (
				C926E24B2A19C69D00A3CC88 /* Debug */,
				C926E24C2A19C69D00A3CC88 /* Release */,
			);
			defaultConfigurationIsVisible = 0;
			defaultConfigurationName = Release;
		};
/* End XCConfigurationList section */
	};
	rootObject = C926E2342A19C69C00A3CC88 /* Project object */;
}
